
Microsoft Visual Studio Solution File, Format Version 12.00
# Visual Studio 15
VisualStudioVersion = 15.0.28307.168
MinimumVisualStudioVersion = 10.0.40219.1
Project("{9A19103F-16F7-4668-BE54-9A1E7A4F7556}") = "eClaimApp", "eClaimApp\eClaimApp.csproj", "{EA9E2D73-2621-4024-9B9D-C9234B74844C}"
EndProject
Project("{E53339B2-1760-4266-BCC7-CA923CBCF16C}") = "docker-compose", "docker-compose.dcproj", "{4852AD71-3F5D-4199-8E3B-47F581D00DEE}"
EndProject
Global
	GlobalSection(SolutionConfigurationPlatforms) = preSolution
		Debug|Any CPU = Debug|Any CPU
		Release|Any CPU = Release|Any CPU
	EndGlobalSection
	GlobalSection(ProjectConfigurationPlatforms) = postSolution
		{EA9E2D73-2621-4024-9B9D-C9234B74844C}.Debug|Any CPU.ActiveCfg = Debug|Any CPU
		{EA9E2D73-2621-4024-9B9D-C9234B74844C}.Debug|Any CPU.Build.0 = Debug|Any CPU
		{EA9E2D73-2621-4024-9B9D-C9234B74844C}.Release|Any CPU.ActiveCfg = Release|Any CPU
		{EA9E2D73-2621-4024-9B9D-C9234B74844C}.Release|Any CPU.Build.0 = Release|Any CPU
		{4852AD71-3F5D-4199-8E3B-47F581D00DEE}.Debug|Any CPU.ActiveCfg = Debug|Any CPU
		{4852AD71-3F5D-4199-8E3B-47F581D00DEE}.Debug|Any CPU.Build.0 = Debug|Any CPU
		{4852AD71-3F5D-4199-8E3B-47F581D00DEE}.Release|Any CPU.ActiveCfg = Release|Any CPU
		{4852AD71-3F5D-4199-8E3B-47F581D00DEE}.Release|Any CPU.Build.0 = Release|Any CPU
	EndGlobalSection
	GlobalSection(SolutionProperties) = preSolution
		HideSolutionNode = FALSE
	EndGlobalSection
	GlobalSection(ExtensibilityGlobals) = postSolution
		SolutionGuid = {7177F882-6E97-4391-8C9B-09B634EDBE85}
	EndGlobalSection
EndGlobal
